// !$*UTF8*$!
{
	archiveVersion = 1;
	classes = {
	};
	objectVersion = 50;
	objects = {

/* Begin PBXBuildFile section */
		DB20A8DB20CFCF8700D7432A /* Assets.xcassets in Resources */ = {isa = PBXBuildFile; fileRef = DB20A8D120CFCF8700D7432A /* Assets.xcassets */; };
		DB20A8DF20CFCF8700D7432A /* main.m in Sources */ = {isa = PBXBuildFile; fileRef = DB20A8D720CFCF8700D7432A /* main.m */; };
		DB20A8E020CFCF8700D7432A /* AppDelegate.m in Sources */ = {isa = PBXBuildFile; fileRef = DB20A8D820CFCF8700D7432A /* AppDelegate.m */; };
		DB20A8ED20CFCF9E00D7432A /* HZVersionManager.m in Sources */ = {isa = PBXBuildFile; fileRef = DB20A8E720CFCF9D00D7432A /* HZVersionManager.m */; };
		DB20A8EE20CFCF9E00D7432A /* UIView+HZKitCommon.m in Sources */ = {isa = PBXBuildFile; fileRef = DB20A8EB20CFCF9D00D7432A /* UIView+HZKitCommon.m */; };
		DB20A8F520CFD11900D7432A /* HZBaseModule.m in Sources */ = {isa = PBXBuildFile; fileRef = DB20A8F420CFD11900D7432A /* HZBaseModule.m */; };
		DB20A8F820CFD33200D7432A /* HZBaseRouter.m in Sources */ = {isa = PBXBuildFile; fileRef = DB20A8F720CFD33200D7432A /* HZBaseRouter.m */; };
		DB20A8FD20CFDA6500D7432A /* HZBaseViewController.m in Sources */ = {isa = PBXBuildFile; fileRef = DB20A8FC20CFDA6500D7432A /* HZBaseViewController.m */; };
		DB20A90020CFDB1600D7432A /* HZBaseNavigationController.m in Sources */ = {isa = PBXBuildFile; fileRef = DB20A8FF20CFDB1600D7432A /* HZBaseNavigationController.m */; };
		DB71B26921085C4100F8DEB3 /* HZBaseTabBarController.m in Sources */ = {isa = PBXBuildFile; fileRef = DB71B26821085C4100F8DEB3 /* HZBaseTabBarController.m */; };
		DB71B26C21085C5700F8DEB3 /* HZMainViewController.m in Sources */ = {isa = PBXBuildFile; fileRef = DB71B26B21085C5700F8DEB3 /* HZMainViewController.m */; };
		DB71B27121085D6100F8DEB3 /* HZShowModule.m in Sources */ = {isa = PBXBuildFile; fileRef = DB71B27021085D6100F8DEB3 /* HZShowModule.m */; };
		DB71B27421085D7100F8DEB3 /* HZAboutModule.m in Sources */ = {isa = PBXBuildFile; fileRef = DB71B27321085D7100F8DEB3 /* HZAboutModule.m */; };
		DB71B27821085E7700F8DEB3 /* HZAboutViewController.m in Sources */ = {isa = PBXBuildFile; fileRef = DB71B27721085E7700F8DEB3 /* HZAboutViewController.m */; };
		DB71B27C21085E9D00F8DEB3 /* HZShowViewController.m in Sources */ = {isa = PBXBuildFile; fileRef = DB71B27B21085E9D00F8DEB3 /* HZShowViewController.m */; };
		DB71B280210866F200F8DEB3 /* HZBaseModel.m in Sources */ = {isa = PBXBuildFile; fileRef = DB71B27F210866F200F8DEB3 /* HZBaseModel.m */; };
		DB71B2832108673B00F8DEB3 /* HZShowModel.m in Sources */ = {isa = PBXBuildFile; fileRef = DB71B2822108673B00F8DEB3 /* HZShowModel.m */; };
		DB71B28621086F6500F8DEB3 /* HZShowRouter.m in Sources */ = {isa = PBXBuildFile; fileRef = DB71B28521086F6500F8DEB3 /* HZShowRouter.m */; };
		DB71B28B2108737000F8DEB3 /* HZShowDetailViewController.m in Sources */ = {isa = PBXBuildFile; fileRef = DB71B28A2108737000F8DEB3 /* HZShowDetailViewController.m */; };
		DB71B28E2108782F00F8DEB3 /* HZMainRouter.m in Sources */ = {isa = PBXBuildFile; fileRef = DB71B28D2108782F00F8DEB3 /* HZMainRouter.m */; };
		DB7B6F3E21099C76004F233C /* LaunchScreen.storyboard in Resources */ = {isa = PBXBuildFile; fileRef = DB7B6F3D21099C76004F233C /* LaunchScreen.storyboard */; };
		DB7B6F412109A1B5004F233C /* UIDevice+HZCommon.m in Sources */ = {isa = PBXBuildFile; fileRef = DB7B6F402109A1B5004F233C /* UIDevice+HZCommon.m */; };
/* End PBXBuildFile section */

/* Begin PBXContainerItemProxy section */
		DB20A84620CE614F00D7432A /* PBXContainerItemProxy */ = {
			isa = PBXContainerItemProxy;
			containerPortal = DB20A82520CE614B00D7432A /* Project object */;
			proxyType = 1;
			remoteGlobalIDString = DB20A82C20CE614B00D7432A;
			remoteInfo = HZKit;
		};
		DB20A85120CE614F00D7432A /* PBXContainerItemProxy */ = {
			isa = PBXContainerItemProxy;
			containerPortal = DB20A82520CE614B00D7432A /* Project object */;
			proxyType = 1;
			remoteGlobalIDString = DB20A82C20CE614B00D7432A;
			remoteInfo = HZKit;
		};
/* End PBXContainerItemProxy section */

/* Begin PBXFileReference section */
		DB20A82D20CE614B00D7432A /* HZKit.app */ = {isa = PBXFileReference; explicitFileType = wrapper.application; includeInIndex = 0; path = HZKit.app; sourceTree = BUILT_PRODUCTS_DIR; };
		DB20A84520CE614F00D7432A /* HZKitTests.xctest */ = {isa = PBXFileReference; explicitFileType = wrapper.cfbundle; includeInIndex = 0; path = HZKitTests.xctest; sourceTree = BUILT_PRODUCTS_DIR; };
		DB20A85020CE614F00D7432A /* HZKitUITests.xctest */ = {isa = PBXFileReference; explicitFileType = wrapper.cfbundle; includeInIndex = 0; path = HZKitUITests.xctest; sourceTree = BUILT_PRODUCTS_DIR; };
		DB20A8D020CFCF8700D7432A /* AppDelegate.h */ = {isa = PBXFileReference; fileEncoding = 4; lastKnownFileType = sourcecode.c.h; path = AppDelegate.h; sourceTree = "<group>"; };
		DB20A8D120CFCF8700D7432A /* Assets.xcassets */ = {isa = PBXFileReference; lastKnownFileType = folder.assetcatalog; path = Assets.xcassets; sourceTree = "<group>"; };
		DB20A8D720CFCF8700D7432A /* main.m */ = {isa = PBXFileReference; fileEncoding = 4; lastKnownFileType = sourcecode.c.objc; path = main.m; sourceTree = "<group>"; };
		DB20A8D820CFCF8700D7432A /* AppDelegate.m */ = {isa = PBXFileReference; fileEncoding = 4; lastKnownFileType = sourcecode.c.objc; path = AppDelegate.m; sourceTree = "<group>"; };
		DB20A8D920CFCF8700D7432A /* Info.plist */ = {isa = PBXFileReference; fileEncoding = 4; lastKnownFileType = text.plist.xml; path = Info.plist; sourceTree = "<group>"; };
		DB20A8E420CFCF9D00D7432A /* HZKitMacro.h */ = {isa = PBXFileReference; fileEncoding = 4; lastKnownFileType = sourcecode.c.h; path = HZKitMacro.h; sourceTree = "<group>"; };
		DB20A8E520CFCF9D00D7432A /* HZKit.h */ = {isa = PBXFileReference; fileEncoding = 4; lastKnownFileType = sourcecode.c.h; path = HZKit.h; sourceTree = "<group>"; };
		DB20A8E720CFCF9D00D7432A /* HZVersionManager.m */ = {isa = PBXFileReference; fileEncoding = 4; lastKnownFileType = sourcecode.c.objc; path = HZVersionManager.m; sourceTree = "<group>"; };
		DB20A8E820CFCF9D00D7432A /* HZVersionManager.h */ = {isa = PBXFileReference; fileEncoding = 4; lastKnownFileType = sourcecode.c.h; path = HZVersionManager.h; sourceTree = "<group>"; };
		DB20A8EA20CFCF9D00D7432A /* HZKitView.h */ = {isa = PBXFileReference; fileEncoding = 4; lastKnownFileType = sourcecode.c.h; path = HZKitView.h; sourceTree = "<group>"; };
		DB20A8EB20CFCF9D00D7432A /* UIView+HZKitCommon.m */ = {isa = PBXFileReference; fileEncoding = 4; lastKnownFileType = sourcecode.c.objc; path = "UIView+HZKitCommon.m"; sourceTree = "<group>"; };
		DB20A8EC20CFCF9D00D7432A /* UIView+HZKitCommon.h */ = {isa = PBXFileReference; fileEncoding = 4; lastKnownFileType = sourcecode.c.h; path = "UIView+HZKitCommon.h"; sourceTree = "<group>"; };
		DB20A8EF20CFCFE000D7432A /* HZKitVersion.h */ = {isa = PBXFileReference; fileEncoding = 4; lastKnownFileType = sourcecode.c.h; path = HZKitVersion.h; sourceTree = "<group>"; };
		DB20A8F320CFD11900D7432A /* HZBaseModule.h */ = {isa = PBXFileReference; lastKnownFileType = sourcecode.c.h; path = HZBaseModule.h; sourceTree = "<group>"; };
		DB20A8F420CFD11900D7432A /* HZBaseModule.m */ = {isa = PBXFileReference; lastKnownFileType = sourcecode.c.objc; path = HZBaseModule.m; sourceTree = "<group>"; };
		DB20A8F620CFD33200D7432A /* HZBaseRouter.h */ = {isa = PBXFileReference; lastKnownFileType = sourcecode.c.h; path = HZBaseRouter.h; sourceTree = "<group>"; };
		DB20A8F720CFD33200D7432A /* HZBaseRouter.m */ = {isa = PBXFileReference; lastKnownFileType = sourcecode.c.objc; path = HZBaseRouter.m; sourceTree = "<group>"; };
		DB20A8FB20CFDA6500D7432A /* HZBaseViewController.h */ = {isa = PBXFileReference; lastKnownFileType = sourcecode.c.h; path = HZBaseViewController.h; sourceTree = "<group>"; };
		DB20A8FC20CFDA6500D7432A /* HZBaseViewController.m */ = {isa = PBXFileReference; lastKnownFileType = sourcecode.c.objc; path = HZBaseViewController.m; sourceTree = "<group>"; };
		DB20A8FE20CFDB1600D7432A /* HZBaseNavigationController.h */ = {isa = PBXFileReference; lastKnownFileType = sourcecode.c.h; path = HZBaseNavigationController.h; sourceTree = "<group>"; };
		DB20A8FF20CFDB1600D7432A /* HZBaseNavigationController.m */ = {isa = PBXFileReference; lastKnownFileType = sourcecode.c.objc; path = HZBaseNavigationController.m; sourceTree = "<group>"; };
		DB2D5AE120E272BE005893ED /* HZKitDevice.h */ = {isa = PBXFileReference; lastKnownFileType = sourcecode.c.h; path = HZKitDevice.h; sourceTree = "<group>"; };
		DB71B26721085C4100F8DEB3 /* HZBaseTabBarController.h */ = {isa = PBXFileReference; lastKnownFileType = sourcecode.c.h; path = HZBaseTabBarController.h; sourceTree = "<group>"; };
		DB71B26821085C4100F8DEB3 /* HZBaseTabBarController.m */ = {isa = PBXFileReference; lastKnownFileType = sourcecode.c.objc; path = HZBaseTabBarController.m; sourceTree = "<group>"; };
		DB71B26A21085C5700F8DEB3 /* HZMainViewController.h */ = {isa = PBXFileReference; lastKnownFileType = sourcecode.c.h; path = HZMainViewController.h; sourceTree = "<group>"; };
		DB71B26B21085C5700F8DEB3 /* HZMainViewController.m */ = {isa = PBXFileReference; lastKnownFileType = sourcecode.c.objc; path = HZMainViewController.m; sourceTree = "<group>"; };
		DB71B26F21085D6100F8DEB3 /* HZShowModule.h */ = {isa = PBXFileReference; lastKnownFileType = sourcecode.c.h; path = HZShowModule.h; sourceTree = "<group>"; };
		DB71B27021085D6100F8DEB3 /* HZShowModule.m */ = {isa = PBXFileReference; lastKnownFileType = sourcecode.c.objc; path = HZShowModule.m; sourceTree = "<group>"; };
		DB71B27221085D7100F8DEB3 /* HZAboutModule.h */ = {isa = PBXFileReference; lastKnownFileType = sourcecode.c.h; path = HZAboutModule.h; sourceTree = "<group>"; };
		DB71B27321085D7100F8DEB3 /* HZAboutModule.m */ = {isa = PBXFileReference; lastKnownFileType = sourcecode.c.objc; path = HZAboutModule.m; sourceTree = "<group>"; };
		DB71B27621085E7700F8DEB3 /* HZAboutViewController.h */ = {isa = PBXFileReference; lastKnownFileType = sourcecode.c.h; path = HZAboutViewController.h; sourceTree = "<group>"; };
		DB71B27721085E7700F8DEB3 /* HZAboutViewController.m */ = {isa = PBXFileReference; lastKnownFileType = sourcecode.c.objc; path = HZAboutViewController.m; sourceTree = "<group>"; };
		DB71B27A21085E9D00F8DEB3 /* HZShowViewController.h */ = {isa = PBXFileReference; lastKnownFileType = sourcecode.c.h; path = HZShowViewController.h; sourceTree = "<group>"; };
		DB71B27B21085E9D00F8DEB3 /* HZShowViewController.m */ = {isa = PBXFileReference; lastKnownFileType = sourcecode.c.objc; path = HZShowViewController.m; sourceTree = "<group>"; };
		DB71B27E210866F200F8DEB3 /* HZBaseModel.h */ = {isa = PBXFileReference; lastKnownFileType = sourcecode.c.h; path = HZBaseModel.h; sourceTree = "<group>"; };
		DB71B27F210866F200F8DEB3 /* HZBaseModel.m */ = {isa = PBXFileReference; lastKnownFileType = sourcecode.c.objc; path = HZBaseModel.m; sourceTree = "<group>"; };
		DB71B2812108673B00F8DEB3 /* HZShowModel.h */ = {isa = PBXFileReference; lastKnownFileType = sourcecode.c.h; path = HZShowModel.h; sourceTree = "<group>"; };
		DB71B2822108673B00F8DEB3 /* HZShowModel.m */ = {isa = PBXFileReference; lastKnownFileType = sourcecode.c.objc; path = HZShowModel.m; sourceTree = "<group>"; };
		DB71B28421086F6500F8DEB3 /* HZShowRouter.h */ = {isa = PBXFileReference; lastKnownFileType = sourcecode.c.h; path = HZShowRouter.h; sourceTree = "<group>"; };
		DB71B28521086F6500F8DEB3 /* HZShowRouter.m */ = {isa = PBXFileReference; lastKnownFileType = sourcecode.c.objc; path = HZShowRouter.m; sourceTree = "<group>"; };
		DB71B2892108737000F8DEB3 /* HZShowDetailViewController.h */ = {isa = PBXFileReference; lastKnownFileType = sourcecode.c.h; path = HZShowDetailViewController.h; sourceTree = "<group>"; };
		DB71B28A2108737000F8DEB3 /* HZShowDetailViewController.m */ = {isa = PBXFileReference; lastKnownFileType = sourcecode.c.objc; path = HZShowDetailViewController.m; sourceTree = "<group>"; };
		DB71B28C2108782F00F8DEB3 /* HZMainRouter.h */ = {isa = PBXFileReference; lastKnownFileType = sourcecode.c.h; path = HZMainRouter.h; sourceTree = "<group>"; };
		DB71B28D2108782F00F8DEB3 /* HZMainRouter.m */ = {isa = PBXFileReference; lastKnownFileType = sourcecode.c.objc; path = HZMainRouter.m; sourceTree = "<group>"; };
		DB71B28F2108824200F8DEB3 /* HZPrefixHeader.pch */ = {isa = PBXFileReference; lastKnownFileType = sourcecode.c.h; path = HZPrefixHeader.pch; sourceTree = "<group>"; };
		DB7B6F3D21099C76004F233C /* LaunchScreen.storyboard */ = {isa = PBXFileReference; lastKnownFileType = file.storyboard; path = LaunchScreen.storyboard; sourceTree = "<group>"; };
		DB7B6F3F2109A1B5004F233C /* UIDevice+HZCommon.h */ = {isa = PBXFileReference; lastKnownFileType = sourcecode.c.h; path = "UIDevice+HZCommon.h"; sourceTree = "<group>"; };
		DB7B6F402109A1B5004F233C /* UIDevice+HZCommon.m */ = {isa = PBXFileReference; lastKnownFileType = sourcecode.c.objc; path = "UIDevice+HZCommon.m"; sourceTree = "<group>"; };
/* End PBXFileReference section */

/* Begin PBXFrameworksBuildPhase section */
		DB20A82A20CE614B00D7432A /* Frameworks */ = {
			isa = PBXFrameworksBuildPhase;
			buildActionMask = 2147483647;
			files = (
			);
			runOnlyForDeploymentPostprocessing = 0;
		};
		DB20A84220CE614F00D7432A /* Frameworks */ = {
			isa = PBXFrameworksBuildPhase;
			buildActionMask = 2147483647;
			files = (
			);
			runOnlyForDeploymentPostprocessing = 0;
		};
		DB20A84D20CE614F00D7432A /* Frameworks */ = {
			isa = PBXFrameworksBuildPhase;
			buildActionMask = 2147483647;
			files = (
			);
			runOnlyForDeploymentPostprocessing = 0;
		};
/* End PBXFrameworksBuildPhase section */

/* Begin PBXGroup section */
		DB20A82420CE614B00D7432A = {
			isa = PBXGroup;
			children = (
				DB20A8CF20CFCF8700D7432A /* HZKit */,
				DB20A82E20CE614B00D7432A /* Products */,
			);
			sourceTree = "<group>";
		};
		DB20A82E20CE614B00D7432A /* Products */ = {
			isa = PBXGroup;
			children = (
				DB20A82D20CE614B00D7432A /* HZKit.app */,
				DB20A84520CE614F00D7432A /* HZKitTests.xctest */,
				DB20A85020CE614F00D7432A /* HZKitUITests.xctest */,
			);
			name = Products;
			sourceTree = "<group>";
		};
		DB20A8CF20CFCF8700D7432A /* HZKit */ = {
			isa = PBXGroup;
			children = (
				DB71B26E21085D3E00F8DEB3 /* About */,
				DB71B26D21085D3600F8DEB3 /* Show */,
				DB71B26621085C1600F8DEB3 /* Main */,
				DBE03A0020E3D88D0012C824 /* Supporting Files */,
				DB20A8D020CFCF8700D7432A /* AppDelegate.h */,
				DB20A8D820CFCF8700D7432A /* AppDelegate.m */,
				DB20A8F120CFD0D100D7432A /* Common */,
				DB20A8E220CFCF9D00D7432A /* Source */,
			);
			path = HZKit;
			sourceTree = "<group>";
		};
		DB20A8E220CFCF9D00D7432A /* Source */ = {
			isa = PBXGroup;
			children = (
				DB463AD6210AB3280018BCC5 /* Macro */,
				DB463AD4210AB3100018BCC5 /* Version */,
				DB463AD2210AB2E90018BCC5 /* Device */,
				DB463AD1210AB2D40018BCC5 /* View */,
				DB20A8E520CFCF9D00D7432A /* HZKit.h */,
			);
			path = Source;
			sourceTree = SOURCE_ROOT;
		};
		DB20A8F120CFD0D100D7432A /* Common */ = {
			isa = PBXGroup;
			children = (
				DB20A8F920CFDA3500D7432A /* Classes */,
				DB20A8F220CFD0EE00D7432A /* Module */,
				DB71B27E210866F200F8DEB3 /* HZBaseModel.h */,
				DB71B27F210866F200F8DEB3 /* HZBaseModel.m */,
				DB71B28C2108782F00F8DEB3 /* HZMainRouter.h */,
				DB71B28D2108782F00F8DEB3 /* HZMainRouter.m */,
			);
			path = Common;
			sourceTree = "<group>";
		};
		DB20A8F220CFD0EE00D7432A /* Module */ = {
			isa = PBXGroup;
			children = (
				DB20A8F320CFD11900D7432A /* HZBaseModule.h */,
				DB20A8F420CFD11900D7432A /* HZBaseModule.m */,
				DB20A8F620CFD33200D7432A /* HZBaseRouter.h */,
				DB20A8F720CFD33200D7432A /* HZBaseRouter.m */,
			);
			path = Module;
			sourceTree = "<group>";
		};
		DB20A8F920CFDA3500D7432A /* Classes */ = {
			isa = PBXGroup;
			children = (
				DB20A8FA20CFDA4800D7432A /* Controllers */,
			);
			path = Classes;
			sourceTree = "<group>";
		};
		DB20A8FA20CFDA4800D7432A /* Controllers */ = {
			isa = PBXGroup;
			children = (
				DB20A8FB20CFDA6500D7432A /* HZBaseViewController.h */,
				DB20A8FC20CFDA6500D7432A /* HZBaseViewController.m */,
				DB20A8FE20CFDB1600D7432A /* HZBaseNavigationController.h */,
				DB20A8FF20CFDB1600D7432A /* HZBaseNavigationController.m */,
				DB71B26721085C4100F8DEB3 /* HZBaseTabBarController.h */,
				DB71B26821085C4100F8DEB3 /* HZBaseTabBarController.m */,
			);
			path = Controllers;
			sourceTree = "<group>";
		};
		DB463AD1210AB2D40018BCC5 /* View */ = {
			isa = PBXGroup;
			children = (
				DB20A8EA20CFCF9D00D7432A /* HZKitView.h */,
				DB20A8EB20CFCF9D00D7432A /* UIView+HZKitCommon.m */,
				DB20A8EC20CFCF9D00D7432A /* UIView+HZKitCommon.h */,
			);
			name = View;
			sourceTree = "<group>";
		};
		DB463AD2210AB2E90018BCC5 /* Device */ = {
			isa = PBXGroup;
			children = (
				DB2D5AE120E272BE005893ED /* HZKitDevice.h */,
				DB7B6F3F2109A1B5004F233C /* UIDevice+HZCommon.h */,
				DB7B6F402109A1B5004F233C /* UIDevice+HZCommon.m */,
			);
			name = Device;
			sourceTree = "<group>";
		};
		DB463AD4210AB3100018BCC5 /* Version */ = {
			isa = PBXGroup;
			children = (
				DB20A8EF20CFCFE000D7432A /* HZKitVersion.h */,
				DB20A8E720CFCF9D00D7432A /* HZVersionManager.m */,
				DB20A8E820CFCF9D00D7432A /* HZVersionManager.h */,
			);
			name = Version;
			sourceTree = "<group>";
		};
		DB463AD6210AB3280018BCC5 /* Macro */ = {
			isa = PBXGroup;
			children = (
				DB20A8E420CFCF9D00D7432A /* HZKitMacro.h */,
			);
			name = Macro;
			sourceTree = "<group>";
		};
		DB71B26621085C1600F8DEB3 /* Main */ = {
			isa = PBXGroup;
			children = (
				DB71B26A21085C5700F8DEB3 /* HZMainViewController.h */,
				DB71B26B21085C5700F8DEB3 /* HZMainViewController.m */,
			);
			path = Main;
			sourceTree = "<group>";
		};
		DB71B26D21085D3600F8DEB3 /* Show */ = {
			isa = PBXGroup;
			children = (
				DB71B27D210866CF00F8DEB3 /* Models */,
				DB71B27921085E8C00F8DEB3 /* Controllers */,
				DB71B26F21085D6100F8DEB3 /* HZShowModule.h */,
				DB71B27021085D6100F8DEB3 /* HZShowModule.m */,
				DB71B28821086F9200F8DEB3 /* Router */,
			);
			path = Show;
			sourceTree = "<group>";
		};
		DB71B26E21085D3E00F8DEB3 /* About */ = {
			isa = PBXGroup;
			children = (
				DB71B27521085E5500F8DEB3 /* Controllers */,
				DB71B27221085D7100F8DEB3 /* HZAboutModule.h */,
				DB71B27321085D7100F8DEB3 /* HZAboutModule.m */,
			);
			path = About;
			sourceTree = "<group>";
		};
		DB71B27521085E5500F8DEB3 /* Controllers */ = {
			isa = PBXGroup;
			children = (
				DB71B27621085E7700F8DEB3 /* HZAboutViewController.h */,
				DB71B27721085E7700F8DEB3 /* HZAboutViewController.m */,
			);
			path = Controllers;
			sourceTree = "<group>";
		};
		DB71B27921085E8C00F8DEB3 /* Controllers */ = {
			isa = PBXGroup;
			children = (
				DB71B27A21085E9D00F8DEB3 /* HZShowViewController.h */,
				DB71B27B21085E9D00F8DEB3 /* HZShowViewController.m */,
				DB71B2892108737000F8DEB3 /* HZShowDetailViewController.h */,
				DB71B28A2108737000F8DEB3 /* HZShowDetailViewController.m */,
			);
			path = Controllers;
			sourceTree = "<group>";
		};
		DB71B27D210866CF00F8DEB3 /* Models */ = {
			isa = PBXGroup;
			children = (
				DB71B2812108673B00F8DEB3 /* HZShowModel.h */,
				DB71B2822108673B00F8DEB3 /* HZShowModel.m */,
			);
			path = Models;
			sourceTree = "<group>";
		};
		DB71B28821086F9200F8DEB3 /* Router */ = {
			isa = PBXGroup;
			children = (
				DB71B28421086F6500F8DEB3 /* HZShowRouter.h */,
				DB71B28521086F6500F8DEB3 /* HZShowRouter.m */,
			);
			path = Router;
			sourceTree = "<group>";
		};
		DBE03A0020E3D88D0012C824 /* Supporting Files */ = {
			isa = PBXGroup;
			children = (
				DB20A8D120CFCF8700D7432A /* Assets.xcassets */,
				DB20A8D920CFCF8700D7432A /* Info.plist */,
				DB20A8D720CFCF8700D7432A /* main.m */,
				DB71B28F2108824200F8DEB3 /* HZPrefixHeader.pch */,
				DB7B6F3D21099C76004F233C /* LaunchScreen.storyboard */,
			);
			name = "Supporting Files";
			sourceTree = "<group>";
		};
/* End PBXGroup section */

/* Begin PBXNativeTarget section */
		DB20A82C20CE614B00D7432A /* HZKit */ = {
			isa = PBXNativeTarget;
			buildConfigurationList = DB20A85920CE614F00D7432A /* Build configuration list for PBXNativeTarget "HZKit" */;
			buildPhases = (
				DB20A82920CE614B00D7432A /* Sources */,
				DB20A82A20CE614B00D7432A /* Frameworks */,
				DB20A82B20CE614B00D7432A /* Resources */,
			);
			buildRules = (
			);
			dependencies = (
			);
			name = HZKit;
			productName = HZKit;
			productReference = DB20A82D20CE614B00D7432A /* HZKit.app */;
			productType = "com.apple.product-type.application";
		};
		DB20A84420CE614F00D7432A /* HZKitTests */ = {
			isa = PBXNativeTarget;
			buildConfigurationList = DB20A85C20CE614F00D7432A /* Build configuration list for PBXNativeTarget "HZKitTests" */;
			buildPhases = (
				DB20A84120CE614F00D7432A /* Sources */,
				DB20A84220CE614F00D7432A /* Frameworks */,
				DB20A84320CE614F00D7432A /* Resources */,
			);
			buildRules = (
			);
			dependencies = (
				DB20A84720CE614F00D7432A /* PBXTargetDependency */,
			);
			name = HZKitTests;
			productName = HZKitTests;
			productReference = DB20A84520CE614F00D7432A /* HZKitTests.xctest */;
			productType = "com.apple.product-type.bundle.unit-test";
		};
		DB20A84F20CE614F00D7432A /* HZKitUITests */ = {
			isa = PBXNativeTarget;
			buildConfigurationList = DB20A85F20CE614F00D7432A /* Build configuration list for PBXNativeTarget "HZKitUITests" */;
			buildPhases = (
				DB20A84C20CE614F00D7432A /* Sources */,
				DB20A84D20CE614F00D7432A /* Frameworks */,
				DB20A84E20CE614F00D7432A /* Resources */,
			);
			buildRules = (
			);
			dependencies = (
				DB20A85220CE614F00D7432A /* PBXTargetDependency */,
			);
			name = HZKitUITests;
			productName = HZKitUITests;
			productReference = DB20A85020CE614F00D7432A /* HZKitUITests.xctest */;
			productType = "com.apple.product-type.bundle.ui-testing";
		};
/* End PBXNativeTarget section */

/* Begin PBXProject section */
		DB20A82520CE614B00D7432A /* Project object */ = {
			isa = PBXProject;
			attributes = {
				LastUpgradeCheck = 0940;
				ORGANIZATIONNAME = "Hertz Wang";
				TargetAttributes = {
					DB20A82C20CE614B00D7432A = {
						CreatedOnToolsVersion = 9.4;
					};
					DB20A84420CE614F00D7432A = {
						CreatedOnToolsVersion = 9.4;
						TestTargetID = DB20A82C20CE614B00D7432A;
					};
					DB20A84F20CE614F00D7432A = {
						CreatedOnToolsVersion = 9.4;
						TestTargetID = DB20A82C20CE614B00D7432A;
					};
				};
			};
			buildConfigurationList = DB20A82820CE614B00D7432A /* Build configuration list for PBXProject "HZKit" */;
			compatibilityVersion = "Xcode 9.3";
			developmentRegion = en;
			hasScannedForEncodings = 0;
			knownRegions = (
				en,
				Base,
			);
			mainGroup = DB20A82420CE614B00D7432A;
			productRefGroup = DB20A82E20CE614B00D7432A /* Products */;
			projectDirPath = "";
			projectRoot = "";
			targets = (
				DB20A82C20CE614B00D7432A /* HZKit */,
				DB20A84420CE614F00D7432A /* HZKitTests */,
				DB20A84F20CE614F00D7432A /* HZKitUITests */,
			);
		};
/* End PBXProject section */

/* Begin PBXResourcesBuildPhase section */
		DB20A82B20CE614B00D7432A /* Resources */ = {
			isa = PBXResourcesBuildPhase;
			buildActionMask = 2147483647;
			files = (
				DB7B6F3E21099C76004F233C /* LaunchScreen.storyboard in Resources */,
				DB20A8DB20CFCF8700D7432A /* Assets.xcassets in Resources */,
			);
			runOnlyForDeploymentPostprocessing = 0;
		};
		DB20A84320CE614F00D7432A /* Resources */ = {
			isa = PBXResourcesBuildPhase;
			buildActionMask = 2147483647;
			files = (
			);
			runOnlyForDeploymentPostprocessing = 0;
		};
		DB20A84E20CE614F00D7432A /* Resources */ = {
			isa = PBXResourcesBuildPhase;
			buildActionMask = 2147483647;
			files = (
			);
			runOnlyForDeploymentPostprocessing = 0;
		};
/* End PBXResourcesBuildPhase section */

/* Begin PBXSourcesBuildPhase section */
		DB20A82920CE614B00D7432A /* Sources */ = {
			isa = PBXSourcesBuildPhase;
			buildActionMask = 2147483647;
			files = (
				DB20A90020CFDB1600D7432A /* HZBaseNavigationController.m in Sources */,
				DB20A8ED20CFCF9E00D7432A /* HZVersionManager.m in Sources */,
				DB71B27C21085E9D00F8DEB3 /* HZShowViewController.m in Sources */,
				DB71B28B2108737000F8DEB3 /* HZShowDetailViewController.m in Sources */,
				DB7B6F412109A1B5004F233C /* UIDevice+HZCommon.m in Sources */,
				DB71B26921085C4100F8DEB3 /* HZBaseTabBarController.m in Sources */,
				DB20A8DF20CFCF8700D7432A /* main.m in Sources */,
				DB20A8E020CFCF8700D7432A /* AppDelegate.m in Sources */,
				DB20A8F520CFD11900D7432A /* HZBaseModule.m in Sources */,
				DB71B27821085E7700F8DEB3 /* HZAboutViewController.m in Sources */,
				DB71B280210866F200F8DEB3 /* HZBaseModel.m in Sources */,
				DB71B28E2108782F00F8DEB3 /* HZMainRouter.m in Sources */,
				DB71B27121085D6100F8DEB3 /* HZShowModule.m in Sources */,
				DB20A8FD20CFDA6500D7432A /* HZBaseViewController.m in Sources */,
				DB20A8F820CFD33200D7432A /* HZBaseRouter.m in Sources */,
				DB71B2832108673B00F8DEB3 /* HZShowModel.m in Sources */,
				DB20A8EE20CFCF9E00D7432A /* UIView+HZKitCommon.m in Sources */,
				DB71B26C21085C5700F8DEB3 /* HZMainViewController.m in Sources */,
				DB71B27421085D7100F8DEB3 /* HZAboutModule.m in Sources */,
				DB71B28621086F6500F8DEB3 /* HZShowRouter.m in Sources */,
			);
			runOnlyForDeploymentPostprocessing = 0;
		};
		DB20A84120CE614F00D7432A /* Sources */ = {
			isa = PBXSourcesBuildPhase;
			buildActionMask = 2147483647;
			files = (
			);
			runOnlyForDeploymentPostprocessing = 0;
		};
		DB20A84C20CE614F00D7432A /* Sources */ = {
			isa = PBXSourcesBuildPhase;
			buildActionMask = 2147483647;
			files = (
			);
			runOnlyForDeploymentPostprocessing = 0;
		};
/* End PBXSourcesBuildPhase section */

/* Begin PBXTargetDependency section */
		DB20A84720CE614F00D7432A /* PBXTargetDependency */ = {
			isa = PBXTargetDependency;
			target = DB20A82C20CE614B00D7432A /* HZKit */;
			targetProxy = DB20A84620CE614F00D7432A /* PBXContainerItemProxy */;
		};
		DB20A85220CE614F00D7432A /* PBXTargetDependency */ = {
			isa = PBXTargetDependency;
			target = DB20A82C20CE614B00D7432A /* HZKit */;
			targetProxy = DB20A85120CE614F00D7432A /* PBXContainerItemProxy */;
		};
/* End PBXTargetDependency section */

/* Begin XCBuildConfiguration section */
		DB20A85720CE614F00D7432A /* Debug */ = {
			isa = XCBuildConfiguration;
			buildSettings = {
				ALWAYS_SEARCH_USER_PATHS = NO;
				CLANG_ANALYZER_NONNULL = YES;
				CLANG_ANALYZER_NUMBER_OBJECT_CONVERSION = YES_AGGRESSIVE;
				CLANG_CXX_LANGUAGE_STANDARD = "gnu++14";
				CLANG_CXX_LIBRARY = "libc++";
				CLANG_ENABLE_MODULES = YES;
				CLANG_ENABLE_OBJC_ARC = YES;
				CLANG_ENABLE_OBJC_WEAK = YES;
				CLANG_WARN_BLOCK_CAPTURE_AUTORELEASING = YES;
				CLANG_WARN_BOOL_CONVERSION = YES;
				CLANG_WARN_COMMA = YES;
				CLANG_WARN_CONSTANT_CONVERSION = YES;
				CLANG_WARN_DEPRECATED_OBJC_IMPLEMENTATIONS = YES;
				CLANG_WARN_DIRECT_OBJC_ISA_USAGE = YES_ERROR;
				CLANG_WARN_DOCUMENTATION_COMMENTS = YES;
				CLANG_WARN_EMPTY_BODY = YES;
				CLANG_WARN_ENUM_CONVERSION = YES;
				CLANG_WARN_INFINITE_RECURSION = YES;
				CLANG_WARN_INT_CONVERSION = YES;
				CLANG_WARN_NON_LITERAL_NULL_CONVERSION = YES;
				CLANG_WARN_OBJC_IMPLICIT_RETAIN_SELF = YES;
				CLANG_WARN_OBJC_LITERAL_CONVERSION = YES;
				CLANG_WARN_OBJC_ROOT_CLASS = YES_ERROR;
				CLANG_WARN_RANGE_LOOP_ANALYSIS = YES;
				CLANG_WARN_STRICT_PROTOTYPES = YES;
				CLANG_WARN_SUSPICIOUS_MOVE = YES;
				CLANG_WARN_UNGUARDED_AVAILABILITY = YES_AGGRESSIVE;
				CLANG_WARN_UNREACHABLE_CODE = YES;
				CLANG_WARN__DUPLICATE_METHOD_MATCH = YES;
				CODE_SIGN_IDENTITY = "iPhone Developer";
				COPY_PHASE_STRIP = NO;
				DEBUG_INFORMATION_FORMAT = dwarf;
				ENABLE_STRICT_OBJC_MSGSEND = YES;
				ENABLE_TESTABILITY = YES;
				GCC_C_LANGUAGE_STANDARD = gnu11;
				GCC_DYNAMIC_NO_PIC = NO;
				GCC_NO_COMMON_BLOCKS = YES;
				GCC_OPTIMIZATION_LEVEL = 0;
				GCC_PREPROCESSOR_DEFINITIONS = (
					"DEBUG=1",
					"$(inherited)",
				);
				GCC_WARN_64_TO_32_BIT_CONVERSION = YES;
				GCC_WARN_ABOUT_RETURN_TYPE = YES_ERROR;
				GCC_WARN_UNDECLARED_SELECTOR = YES;
				GCC_WARN_UNINITIALIZED_AUTOS = YES_AGGRESSIVE;
				GCC_WARN_UNUSED_FUNCTION = YES;
				GCC_WARN_UNUSED_VARIABLE = YES;
				IPHONEOS_DEPLOYMENT_TARGET = 11.4;
				MTL_ENABLE_DEBUG_INFO = YES;
				ONLY_ACTIVE_ARCH = YES;
				SDKROOT = iphoneos;
			};
			name = Debug;
		};
		DB20A85820CE614F00D7432A /* Release */ = {
			isa = XCBuildConfiguration;
			buildSettings = {
				ALWAYS_SEARCH_USER_PATHS = NO;
				CLANG_ANALYZER_NONNULL = YES;
				CLANG_ANALYZER_NUMBER_OBJECT_CONVERSION = YES_AGGRESSIVE;
				CLANG_CXX_LANGUAGE_STANDARD = "gnu++14";
				CLANG_CXX_LIBRARY = "libc++";
				CLANG_ENABLE_MODULES = YES;
				CLANG_ENABLE_OBJC_ARC = YES;
				CLANG_ENABLE_OBJC_WEAK = YES;
				CLANG_WARN_BLOCK_CAPTURE_AUTORELEASING = YES;
				CLANG_WARN_BOOL_CONVERSION = YES;
				CLANG_WARN_COMMA = YES;
				CLANG_WARN_CONSTANT_CONVERSION = YES;
				CLANG_WARN_DEPRECATED_OBJC_IMPLEMENTATIONS = YES;
				CLANG_WARN_DIRECT_OBJC_ISA_USAGE = YES_ERROR;
				CLANG_WARN_DOCUMENTATION_COMMENTS = YES;
				CLANG_WARN_EMPTY_BODY = YES;
				CLANG_WARN_ENUM_CONVERSION = YES;
				CLANG_WARN_INFINITE_RECURSION = YES;
				CLANG_WARN_INT_CONVERSION = YES;
				CLANG_WARN_NON_LITERAL_NULL_CONVERSION = YES;
				CLANG_WARN_OBJC_IMPLICIT_RETAIN_SELF = YES;
				CLANG_WARN_OBJC_LITERAL_CONVERSION = YES;
				CLANG_WARN_OBJC_ROOT_CLASS = YES_ERROR;
				CLANG_WARN_RANGE_LOOP_ANALYSIS = YES;
				CLANG_WARN_STRICT_PROTOTYPES = YES;
				CLANG_WARN_SUSPICIOUS_MOVE = YES;
				CLANG_WARN_UNGUARDED_AVAILABILITY = YES_AGGRESSIVE;
				CLANG_WARN_UNREACHABLE_CODE = YES;
				CLANG_WARN__DUPLICATE_METHOD_MATCH = YES;
				CODE_SIGN_IDENTITY = "iPhone Developer";
				COPY_PHASE_STRIP = NO;
				DEBUG_INFORMATION_FORMAT = "dwarf-with-dsym";
				ENABLE_NS_ASSERTIONS = NO;
				ENABLE_STRICT_OBJC_MSGSEND = YES;
				GCC_C_LANGUAGE_STANDARD = gnu11;
				GCC_NO_COMMON_BLOCKS = YES;
				GCC_WARN_64_TO_32_BIT_CONVERSION = YES;
				GCC_WARN_ABOUT_RETURN_TYPE = YES_ERROR;
				GCC_WARN_UNDECLARED_SELECTOR = YES;
				GCC_WARN_UNINITIALIZED_AUTOS = YES_AGGRESSIVE;
				GCC_WARN_UNUSED_FUNCTION = YES;
				GCC_WARN_UNUSED_VARIABLE = YES;
				IPHONEOS_DEPLOYMENT_TARGET = 11.4;
				MTL_ENABLE_DEBUG_INFO = NO;
				SDKROOT = iphoneos;
				VALIDATE_PRODUCT = YES;
			};
			name = Release;
		};
		DB20A85A20CE614F00D7432A /* Debug */ = {
			isa = XCBuildConfiguration;
			buildSettings = {
				ASSETCATALOG_COMPILER_APPICON_NAME = AppIcon;
				CODE_SIGN_STYLE = Automatic;
				DEVELOPMENT_TEAM = 64Z9QAXW9D;
				ENABLE_STRICT_OBJC_MSGSEND = NO;
				GCC_PREFIX_HEADER = "$(PROJECT_DIR)/$(PROJECT_NAME)/HZPrefixHeader.pch";
				INFOPLIST_FILE = HZKit/Info.plist;
				IPHONEOS_DEPLOYMENT_TARGET = 8.0;
				LD_RUNPATH_SEARCH_PATHS = (
					"$(inherited)",
					"@executable_path/Frameworks",
				);
				PRODUCT_BUNDLE_IDENTIFIER = com.hertzwang.HZKit;
				PRODUCT_NAME = "$(TARGET_NAME)";
				TARGETED_DEVICE_FAMILY = 1;
			};
			name = Debug;
		};
		DB20A85B20CE614F00D7432A /* Release */ = {
			isa = XCBuildConfiguration;
			buildSettings = {
				ASSETCATALOG_COMPILER_APPICON_NAME = AppIcon;
				CODE_SIGN_STYLE = Automatic;
				DEVELOPMENT_TEAM = 64Z9QAXW9D;
				ENABLE_STRICT_OBJC_MSGSEND = NO;
				GCC_PREFIX_HEADER = "$(PROJECT_DIR)/$(PROJECT_NAME)/HZPrefixHeader.pch";
				INFOPLIST_FILE = HZKit/Info.plist;
				IPHONEOS_DEPLOYMENT_TARGET = 8.0;
				LD_RUNPATH_SEARCH_PATHS = (
					"$(inherited)",
					"@executable_path/Frameworks",
				);
				PRODUCT_BUNDLE_IDENTIFIER = com.hertzwang.HZKit;
				PRODUCT_NAME = "$(TARGET_NAME)";
				TARGETED_DEVICE_FAMILY = 1;
			};
			name = Release;
		};
		DB20A85D20CE614F00D7432A /* Debug */ = {
			isa = XCBuildConfiguration;
			buildSettings = {
				BUNDLE_LOADER = "$(TEST_HOST)";
				CODE_SIGN_STYLE = Automatic;
				INFOPLIST_FILE = HZKitTests/Info.plist;
				LD_RUNPATH_SEARCH_PATHS = (
					"$(inherited)",
					"@executable_path/Frameworks",
					"@loader_path/Frameworks",
				);
				PRODUCT_BUNDLE_IDENTIFIER = com.hertzwang.HZKitTests;
				PRODUCT_NAME = "$(TARGET_NAME)";
				TARGETED_DEVICE_FAMILY = "1,2";
				TEST_HOST = "$(BUILT_PRODUCTS_DIR)/HZKit.app/HZKit";
			};
			name = Debug;
		};
		DB20A85E20CE614F00D7432A /* Release */ = {
			isa = XCBuildConfiguration;
			buildSettings = {
				BUNDLE_LOADER = "$(TEST_HOST)";
				CODE_SIGN_STYLE = Automatic;
				INFOPLIST_FILE = HZKitTests/Info.plist;
				LD_RUNPATH_SEARCH_PATHS = (
					"$(inherited)",
					"@executable_path/Frameworks",
					"@loader_path/Frameworks",
				);
				PRODUCT_BUNDLE_IDENTIFIER = com.hertzwang.HZKitTests;
				PRODUCT_NAME = "$(TARGET_NAME)";
				TARGETED_DEVICE_FAMILY = "1,2";
				TEST_HOST = "$(BUILT_PRODUCTS_DIR)/HZKit.app/HZKit";
			};
			name = Release;
		};
		DB20A86020CE614F00D7432A /* Debug */ = {
			isa = XCBuildConfiguration;
			buildSettings = {
				CODE_SIGN_STYLE = Automatic;
				INFOPLIST_FILE = HZKitUITests/Info.plist;
				LD_RUNPATH_SEARCH_PATHS = (
					"$(inherited)",
					"@executable_path/Frameworks",
					"@loader_path/Frameworks",
				);
				PRODUCT_BUNDLE_IDENTIFIER = com.hertzwang.HZKitUITests;
				PRODUCT_NAME = "$(TARGET_NAME)";
				TARGETED_DEVICE_FAMILY = "1,2";
				TEST_TARGET_NAME = HZKit;
			};
			name = Debug;
		};
		DB20A86120CE614F00D7432A /* Release */ = {
			isa = XCBuildConfiguration;
			buildSettings = {
				CODE_SIGN_STYLE = Automatic;
				INFOPLIST_FILE = HZKitUITests/Info.plist;
				LD_RUNPATH_SEARCH_PATHS = (
					"$(inherited)",
					"@executable_path/Frameworks",
					"@loader_path/Frameworks",
				);
				PRODUCT_BUNDLE_IDENTIFIER = com.hertzwang.HZKitUITests;
				PRODUCT_NAME = "$(TARGET_NAME)";
				TARGETED_DEVICE_FAMILY = "1,2";
				TEST_TARGET_NAME = HZKit;
			};
			name = Release;
		};
/* End XCBuildConfiguration section */

/* Begin XCConfigurationList section */
		DB20A82820CE614B00D7432A /* Build configuration list for PBXProject "HZKit" */ = {
			isa = XCConfigurationList;
			buildConfigurations = (
				DB20A85720CE614F00D7432A /* Debug */,
				DB20A85820CE614F00D7432A /* Release */,
			);
			defaultConfigurationIsVisible = 0;
			defaultConfigurationName = Release;
		};
		DB20A85920CE614F00D7432A /* Build configuration list for PBXNativeTarget "HZKit" */ = {
			isa = XCConfigurationList;
			buildConfigurations = (
				DB20A85A20CE614F00D7432A /* Debug */,
				DB20A85B20CE614F00D7432A /* Release */,
			);
			defaultConfigurationIsVisible = 0;
			defaultConfigurationName = Release;
		};
		DB20A85C20CE614F00D7432A /* Build configuration list for PBXNativeTarget "HZKitTests" */ = {
			isa = XCConfigurationList;
			buildConfigurations = (
				DB20A85D20CE614F00D7432A /* Debug */,
				DB20A85E20CE614F00D7432A /* Release */,
			);
			defaultConfigurationIsVisible = 0;
			defaultConfigurationName = Release;
		};
		DB20A85F20CE614F00D7432A /* Build configuration list for PBXNativeTarget "HZKitUITests" */ = {
			isa = XCConfigurationList;
			buildConfigurations = (
				DB20A86020CE614F00D7432A /* Debug */,
				DB20A86120CE614F00D7432A /* Release */,
			);
			defaultConfigurationIsVisible = 0;
			defaultConfigurationName = Release;
		};
/* End XCConfigurationList section */
	};
	rootObject = DB20A82520CE614B00D7432A /* Project object */;
}
