// !$*UTF8*$!
{
	archiveVersion = 1;
	classes = {
	};
	objectVersion = 50;
	objects = {

/* Begin PBXBuildFile section */
		1BD862B82514661100BC395C /* AppDelegate.m in Sources */ = {isa = PBXBuildFile; fileRef = 1BD862B72514661100BC395C /* AppDelegate.m */; };
		1BD862BB2514661100BC395C /* SceneDelegate.m in Sources */ = {isa = PBXBuildFile; fileRef = 1BD862BA2514661100BC395C /* SceneDelegate.m */; };
		1BD862BE2514661100BC395C /* ViewController.m in Sources */ = {isa = PBXBuildFile; fileRef = 1BD862BD2514661100BC395C /* ViewController.m */; };
		1BD862C12514661100BC395C /* Main.storyboard in Resources */ = {isa = PBXBuildFile; fileRef = 1BD862BF2514661100BC395C /* Main.storyboard */; };
		1BD862C32514661200BC395C /* Assets.xcassets in Resources */ = {isa = PBXBuildFile; fileRef = 1BD862C22514661200BC395C /* Assets.xcassets */; };
		1BD862C62514661200BC395C /* LaunchScreen.storyboard in Resources */ = {isa = PBXBuildFile; fileRef = 1BD862C42514661200BC395C /* LaunchScreen.storyboard */; };
		1BD862C92514661200BC395C /* main.m in Sources */ = {isa = PBXBuildFile; fileRef = 1BD862C82514661200BC395C /* main.m */; };
		1BD8630E251466DF00BC395C /* UIImage+HZCommon.m in Sources */ = {isa = PBXBuildFile; fileRef = 1BD862DC251466DF00BC395C /* UIImage+HZCommon.m */; };
		1BD8630F251466DF00BC395C /* UIColor+HZCommon.m in Sources */ = {isa = PBXBuildFile; fileRef = 1BD862E1251466DF00BC395C /* UIColor+HZCommon.m */; };
		1BD86310251466DF00BC395C /* UIView+HZKitCommon.m in Sources */ = {isa = PBXBuildFile; fileRef = 1BD862E5251466DF00BC395C /* UIView+HZKitCommon.m */; };
		1BD86311251466DF00BC395C /* UIDevice+HZCommon.m in Sources */ = {isa = PBXBuildFile; fileRef = 1BD862E8251466DF00BC395C /* UIDevice+HZCommon.m */; };
		1BD86312251466DF00BC395C /* HZKitDeviceModels.plist in Resources */ = {isa = PBXBuildFile; fileRef = 1BD862E9251466DF00BC395C /* HZKitDeviceModels.plist */; };
		1BD86313251466DF00BC395C /* UIViewController+HZCommon.m in Sources */ = {isa = PBXBuildFile; fileRef = 1BD862EF251466DF00BC395C /* UIViewController+HZCommon.m */; };
		1BD86314251466DF00BC395C /* HZScanViewController.m in Sources */ = {isa = PBXBuildFile; fileRef = 1BD862F1251466DF00BC395C /* HZScanViewController.m */; };
		1BD86315251466DF00BC395C /* UIFont+HZIconfont.m in Sources */ = {isa = PBXBuildFile; fileRef = 1BD862F5251466DF00BC395C /* UIFont+HZIconfont.m */; };
		1BD86316251466DF00BC395C /* HZFontelloModel.m in Sources */ = {isa = PBXBuildFile; fileRef = 1BD862F6251466DF00BC395C /* HZFontelloModel.m */; };
		1BD86317251466DF00BC395C /* HZIconfont+HZFontello.m in Sources */ = {isa = PBXBuildFile; fileRef = 1BD862F7251466DF00BC395C /* HZIconfont+HZFontello.m */; };
		1BD86318251466DF00BC395C /* UILabel+HZIconfont.m in Sources */ = {isa = PBXBuildFile; fileRef = 1BD862FB251466DF00BC395C /* UILabel+HZIconfont.m */; };
		1BD86319251466DF00BC395C /* HZIconfont.m in Sources */ = {isa = PBXBuildFile; fileRef = 1BD862FE251466DF00BC395C /* HZIconfont.m */; };
		1BD8631A251466DF00BC395C /* HZVersionManager.m in Sources */ = {isa = PBXBuildFile; fileRef = 1BD86302251466DF00BC395C /* HZVersionManager.m */; };
		1BD8631B251466DF00BC395C /* HZLog.m in Sources */ = {isa = PBXBuildFile; fileRef = 1BD86305251466DF00BC395C /* HZLog.m */; };
		1BD8631C251466DF00BC395C /* HZAuthorization.m in Sources */ = {isa = PBXBuildFile; fileRef = 1BD8630C251466DF00BC395C /* HZAuthorization.m */; };
		DB01D41E251DE37A0077695D /* UIViewController+PopGesture.m in Sources */ = {isa = PBXBuildFile; fileRef = DB01D41D251DE37A0077695D /* UIViewController+PopGesture.m */; };
		DB3A6232251DCC3700818D1A /* HZNavigationController.m in Sources */ = {isa = PBXBuildFile; fileRef = DB3A6231251DCC3700818D1A /* HZNavigationController.m */; };
		DB3A6238251DCCD800818D1A /* HZNavigationScreenshot.m in Sources */ = {isa = PBXBuildFile; fileRef = DB3A6237251DCCD800818D1A /* HZNavigationScreenshot.m */; };
/* End PBXBuildFile section */

/* Begin PBXFileReference section */
		1BD862B32514661100BC395C /* HZKit.app */ = {isa = PBXFileReference; explicitFileType = wrapper.application; includeInIndex = 0; path = HZKit.app; sourceTree = BUILT_PRODUCTS_DIR; };
		1BD862B62514661100BC395C /* AppDelegate.h */ = {isa = PBXFileReference; lastKnownFileType = sourcecode.c.h; path = AppDelegate.h; sourceTree = "<group>"; };
		1BD862B72514661100BC395C /* AppDelegate.m */ = {isa = PBXFileReference; lastKnownFileType = sourcecode.c.objc; path = AppDelegate.m; sourceTree = "<group>"; };
		1BD862B92514661100BC395C /* SceneDelegate.h */ = {isa = PBXFileReference; lastKnownFileType = sourcecode.c.h; path = SceneDelegate.h; sourceTree = "<group>"; };
		1BD862BA2514661100BC395C /* SceneDelegate.m */ = {isa = PBXFileReference; lastKnownFileType = sourcecode.c.objc; path = SceneDelegate.m; sourceTree = "<group>"; };
		1BD862BC2514661100BC395C /* ViewController.h */ = {isa = PBXFileReference; lastKnownFileType = sourcecode.c.h; path = ViewController.h; sourceTree = "<group>"; };
		1BD862BD2514661100BC395C /* ViewController.m */ = {isa = PBXFileReference; lastKnownFileType = sourcecode.c.objc; path = ViewController.m; sourceTree = "<group>"; };
		1BD862C02514661100BC395C /* Base */ = {isa = PBXFileReference; lastKnownFileType = file.storyboard; name = Base; path = Base.lproj/Main.storyboard; sourceTree = "<group>"; };
		1BD862C22514661200BC395C /* Assets.xcassets */ = {isa = PBXFileReference; lastKnownFileType = folder.assetcatalog; path = Assets.xcassets; sourceTree = "<group>"; };
		1BD862C52514661200BC395C /* Base */ = {isa = PBXFileReference; lastKnownFileType = file.storyboard; name = Base; path = Base.lproj/LaunchScreen.storyboard; sourceTree = "<group>"; };
		1BD862C72514661200BC395C /* Info.plist */ = {isa = PBXFileReference; lastKnownFileType = text.plist.xml; path = Info.plist; sourceTree = "<group>"; };
		1BD862C82514661200BC395C /* main.m */ = {isa = PBXFileReference; lastKnownFileType = sourcecode.c.objc; path = main.m; sourceTree = "<group>"; };
		1BD862DB251466DF00BC395C /* HZKitImage.h */ = {isa = PBXFileReference; fileEncoding = 4; lastKnownFileType = sourcecode.c.h; path = HZKitImage.h; sourceTree = "<group>"; };
		1BD862DC251466DF00BC395C /* UIImage+HZCommon.m */ = {isa = PBXFileReference; fileEncoding = 4; lastKnownFileType = sourcecode.c.objc; path = "UIImage+HZCommon.m"; sourceTree = "<group>"; };
		1BD862DD251466DF00BC395C /* UIImage+HZCommon.h */ = {isa = PBXFileReference; fileEncoding = 4; lastKnownFileType = sourcecode.c.h; path = "UIImage+HZCommon.h"; sourceTree = "<group>"; };
		1BD862DF251466DF00BC395C /* UIColor+HZCommon.h */ = {isa = PBXFileReference; fileEncoding = 4; lastKnownFileType = sourcecode.c.h; path = "UIColor+HZCommon.h"; sourceTree = "<group>"; };
		1BD862E0251466DF00BC395C /* HZKitColor.h */ = {isa = PBXFileReference; fileEncoding = 4; lastKnownFileType = sourcecode.c.h; path = HZKitColor.h; sourceTree = "<group>"; };
		1BD862E1251466DF00BC395C /* UIColor+HZCommon.m */ = {isa = PBXFileReference; fileEncoding = 4; lastKnownFileType = sourcecode.c.objc; path = "UIColor+HZCommon.m"; sourceTree = "<group>"; };
		1BD862E2251466DF00BC395C /* HZKitCategory.h */ = {isa = PBXFileReference; fileEncoding = 4; lastKnownFileType = sourcecode.c.h; path = HZKitCategory.h; sourceTree = "<group>"; };
		1BD862E4251466DF00BC395C /* HZKitView.h */ = {isa = PBXFileReference; fileEncoding = 4; lastKnownFileType = sourcecode.c.h; path = HZKitView.h; sourceTree = "<group>"; };
		1BD862E5251466DF00BC395C /* UIView+HZKitCommon.m */ = {isa = PBXFileReference; fileEncoding = 4; lastKnownFileType = sourcecode.c.objc; path = "UIView+HZKitCommon.m"; sourceTree = "<group>"; };
		1BD862E6251466DF00BC395C /* UIView+HZKitCommon.h */ = {isa = PBXFileReference; fileEncoding = 4; lastKnownFileType = sourcecode.c.h; path = "UIView+HZKitCommon.h"; sourceTree = "<group>"; };
		1BD862E8251466DF00BC395C /* UIDevice+HZCommon.m */ = {isa = PBXFileReference; fileEncoding = 4; lastKnownFileType = sourcecode.c.objc; path = "UIDevice+HZCommon.m"; sourceTree = "<group>"; };
		1BD862E9251466DF00BC395C /* HZKitDeviceModels.plist */ = {isa = PBXFileReference; fileEncoding = 4; lastKnownFileType = text.plist.xml; path = HZKitDeviceModels.plist; sourceTree = "<group>"; };
		1BD862EA251466DF00BC395C /* HZKitDevice.h */ = {isa = PBXFileReference; fileEncoding = 4; lastKnownFileType = sourcecode.c.h; path = HZKitDevice.h; sourceTree = "<group>"; };
		1BD862EB251466DF00BC395C /* UIDevice+HZCommon.h */ = {isa = PBXFileReference; fileEncoding = 4; lastKnownFileType = sourcecode.c.h; path = "UIDevice+HZCommon.h"; sourceTree = "<group>"; };
		1BD862ED251466DF00BC395C /* UIViewController+HZCommon.h */ = {isa = PBXFileReference; fileEncoding = 4; lastKnownFileType = sourcecode.c.h; path = "UIViewController+HZCommon.h"; sourceTree = "<group>"; };
		1BD862EE251466DF00BC395C /* HZKitViewController.h */ = {isa = PBXFileReference; fileEncoding = 4; lastKnownFileType = sourcecode.c.h; path = HZKitViewController.h; sourceTree = "<group>"; };
		1BD862EF251466DF00BC395C /* UIViewController+HZCommon.m */ = {isa = PBXFileReference; fileEncoding = 4; lastKnownFileType = sourcecode.c.objc; path = "UIViewController+HZCommon.m"; sourceTree = "<group>"; };
		1BD862F1251466DF00BC395C /* HZScanViewController.m */ = {isa = PBXFileReference; fileEncoding = 4; lastKnownFileType = sourcecode.c.objc; path = HZScanViewController.m; sourceTree = "<group>"; };
		1BD862F2251466DF00BC395C /* HZScanViewController.h */ = {isa = PBXFileReference; fileEncoding = 4; lastKnownFileType = sourcecode.c.h; path = HZScanViewController.h; sourceTree = "<group>"; };
		1BD862F4251466DF00BC395C /* HZKitIconfont.h */ = {isa = PBXFileReference; fileEncoding = 4; lastKnownFileType = sourcecode.c.h; path = HZKitIconfont.h; sourceTree = "<group>"; };
		1BD862F5251466DF00BC395C /* UIFont+HZIconfont.m */ = {isa = PBXFileReference; fileEncoding = 4; lastKnownFileType = sourcecode.c.objc; path = "UIFont+HZIconfont.m"; sourceTree = "<group>"; };
		1BD862F6251466DF00BC395C /* HZFontelloModel.m */ = {isa = PBXFileReference; fileEncoding = 4; lastKnownFileType = sourcecode.c.objc; path = HZFontelloModel.m; sourceTree = "<group>"; };
		1BD862F7251466DF00BC395C /* HZIconfont+HZFontello.m */ = {isa = PBXFileReference; fileEncoding = 4; lastKnownFileType = sourcecode.c.objc; path = "HZIconfont+HZFontello.m"; sourceTree = "<group>"; };
		1BD862F8251466DF00BC395C /* UILabel+HZIconfont.h */ = {isa = PBXFileReference; fileEncoding = 4; lastKnownFileType = sourcecode.c.h; path = "UILabel+HZIconfont.h"; sourceTree = "<group>"; };
		1BD862F9251466DF00BC395C /* HZIconfont.h */ = {isa = PBXFileReference; fileEncoding = 4; lastKnownFileType = sourcecode.c.h; path = HZIconfont.h; sourceTree = "<group>"; };
		1BD862FA251466DF00BC395C /* UIFont+HZIconfont.h */ = {isa = PBXFileReference; fileEncoding = 4; lastKnownFileType = sourcecode.c.h; path = "UIFont+HZIconfont.h"; sourceTree = "<group>"; };
		1BD862FB251466DF00BC395C /* UILabel+HZIconfont.m */ = {isa = PBXFileReference; fileEncoding = 4; lastKnownFileType = sourcecode.c.objc; path = "UILabel+HZIconfont.m"; sourceTree = "<group>"; };
		1BD862FC251466DF00BC395C /* HZIconfont+HZFontello.h */ = {isa = PBXFileReference; fileEncoding = 4; lastKnownFileType = sourcecode.c.h; path = "HZIconfont+HZFontello.h"; sourceTree = "<group>"; };
		1BD862FD251466DF00BC395C /* HZFontelloModel.h */ = {isa = PBXFileReference; fileEncoding = 4; lastKnownFileType = sourcecode.c.h; path = HZFontelloModel.h; sourceTree = "<group>"; };
		1BD862FE251466DF00BC395C /* HZIconfont.m */ = {isa = PBXFileReference; fileEncoding = 4; lastKnownFileType = sourcecode.c.objc; path = HZIconfont.m; sourceTree = "<group>"; };
		1BD862FF251466DF00BC395C /* HZKit.h */ = {isa = PBXFileReference; fileEncoding = 4; lastKnownFileType = sourcecode.c.h; path = HZKit.h; sourceTree = "<group>"; };
		1BD86301251466DF00BC395C /* HZKitVersion.h */ = {isa = PBXFileReference; fileEncoding = 4; lastKnownFileType = sourcecode.c.h; path = HZKitVersion.h; sourceTree = "<group>"; };
		1BD86302251466DF00BC395C /* HZVersionManager.m */ = {isa = PBXFileReference; fileEncoding = 4; lastKnownFileType = sourcecode.c.objc; path = HZVersionManager.m; sourceTree = "<group>"; };
		1BD86303251466DF00BC395C /* HZVersionManager.h */ = {isa = PBXFileReference; fileEncoding = 4; lastKnownFileType = sourcecode.c.h; path = HZVersionManager.h; sourceTree = "<group>"; };
		1BD86305251466DF00BC395C /* HZLog.m */ = {isa = PBXFileReference; fileEncoding = 4; lastKnownFileType = sourcecode.c.objc; path = HZLog.m; sourceTree = "<group>"; };
		1BD86306251466DF00BC395C /* HZLog.h */ = {isa = PBXFileReference; fileEncoding = 4; lastKnownFileType = sourcecode.c.h; path = HZLog.h; sourceTree = "<group>"; };
		1BD86307251466DF00BC395C /* HZKitLog.h */ = {isa = PBXFileReference; fileEncoding = 4; lastKnownFileType = sourcecode.c.h; path = HZKitLog.h; sourceTree = "<group>"; };
		1BD86309251466DF00BC395C /* HZKitMacro.h */ = {isa = PBXFileReference; fileEncoding = 4; lastKnownFileType = sourcecode.c.h; path = HZKitMacro.h; sourceTree = "<group>"; };
		1BD8630B251466DF00BC395C /* HZAuthorization.h */ = {isa = PBXFileReference; fileEncoding = 4; lastKnownFileType = sourcecode.c.h; path = HZAuthorization.h; sourceTree = "<group>"; };
		1BD8630C251466DF00BC395C /* HZAuthorization.m */ = {isa = PBXFileReference; fileEncoding = 4; lastKnownFileType = sourcecode.c.objc; path = HZAuthorization.m; sourceTree = "<group>"; };
		1BD8630D251466DF00BC395C /* HZKitAuthorization.h */ = {isa = PBXFileReference; fileEncoding = 4; lastKnownFileType = sourcecode.c.h; path = HZKitAuthorization.h; sourceTree = "<group>"; };
		DB01D41C251DE37A0077695D /* UIViewController+PopGesture.h */ = {isa = PBXFileReference; lastKnownFileType = sourcecode.c.h; path = "UIViewController+PopGesture.h"; sourceTree = "<group>"; };
		DB01D41D251DE37A0077695D /* UIViewController+PopGesture.m */ = {isa = PBXFileReference; lastKnownFileType = sourcecode.c.objc; path = "UIViewController+PopGesture.m"; sourceTree = "<group>"; };
		DB3A6230251DCC3700818D1A /* HZNavigationController.h */ = {isa = PBXFileReference; lastKnownFileType = sourcecode.c.h; path = HZNavigationController.h; sourceTree = "<group>"; };
		DB3A6231251DCC3700818D1A /* HZNavigationController.m */ = {isa = PBXFileReference; lastKnownFileType = sourcecode.c.objc; path = HZNavigationController.m; sourceTree = "<group>"; };
		DB3A6236251DCCD800818D1A /* HZNavigationScreenshot.h */ = {isa = PBXFileReference; lastKnownFileType = sourcecode.c.h; path = HZNavigationScreenshot.h; sourceTree = "<group>"; };
		DB3A6237251DCCD800818D1A /* HZNavigationScreenshot.m */ = {isa = PBXFileReference; lastKnownFileType = sourcecode.c.objc; path = HZNavigationScreenshot.m; sourceTree = "<group>"; };
/* End PBXFileReference section */

/* Begin PBXFrameworksBuildPhase section */
		1BD862B02514661100BC395C /* Frameworks */ = {
			isa = PBXFrameworksBuildPhase;
			buildActionMask = 2147483647;
			files = (
			);
			runOnlyForDeploymentPostprocessing = 0;
		};
/* End PBXFrameworksBuildPhase section */

/* Begin PBXGroup section */
		1BD862AA2514661100BC395C = {
			isa = PBXGroup;
			children = (
				1BD862B52514661100BC395C /* HZKit */,
				1BD862B42514661100BC395C /* Products */,
			);
			sourceTree = "<group>";
		};
		1BD862B42514661100BC395C /* Products */ = {
			isa = PBXGroup;
			children = (
				1BD862B32514661100BC395C /* HZKit.app */,
			);
			name = Products;
			sourceTree = "<group>";
		};
		1BD862B52514661100BC395C /* HZKit */ = {
			isa = PBXGroup;
			children = (
				1BD862D8251466DF00BC395C /* Source */,
				1BD862D7251466BD00BC395C /* AppDelegate */,
				1BD862D42514669A00BC395C /* Supporting Files */,
				1BD862BC2514661100BC395C /* ViewController.h */,
				1BD862BD2514661100BC395C /* ViewController.m */,
			);
			path = HZKit;
			sourceTree = "<group>";
		};
		1BD862D42514669A00BC395C /* Supporting Files */ = {
			isa = PBXGroup;
			children = (
				1BD862BF2514661100BC395C /* Main.storyboard */,
				1BD862C22514661200BC395C /* Assets.xcassets */,
				1BD862C42514661200BC395C /* LaunchScreen.storyboard */,
				1BD862C72514661200BC395C /* Info.plist */,
				1BD862C82514661200BC395C /* main.m */,
			);
			name = "Supporting Files";
			sourceTree = "<group>";
		};
		1BD862D7251466BD00BC395C /* AppDelegate */ = {
			isa = PBXGroup;
			children = (
				1BD862B62514661100BC395C /* AppDelegate.h */,
				1BD862B72514661100BC395C /* AppDelegate.m */,
				1BD862B92514661100BC395C /* SceneDelegate.h */,
				1BD862BA2514661100BC395C /* SceneDelegate.m */,
			);
			path = AppDelegate;
			sourceTree = "<group>";
		};
		1BD862D8251466DF00BC395C /* Source */ = {
			isa = PBXGroup;
			children = (
				DB3A622F251DCC0B00818D1A /* NavigationController */,
				1BD862D9251466DF00BC395C /* Category */,
				1BD862F0251466DF00BC395C /* Scan */,
				1BD862F3251466DF00BC395C /* Iconfont */,
				1BD862FF251466DF00BC395C /* HZKit.h */,
				1BD86300251466DF00BC395C /* Version */,
				1BD86304251466DF00BC395C /* Log */,
				1BD86308251466DF00BC395C /* Marco */,
				1BD8630A251466DF00BC395C /* Authorization */,
			);
			path = Source;
			sourceTree = SOURCE_ROOT;
		};
		1BD862D9251466DF00BC395C /* Category */ = {
			isa = PBXGroup;
			children = (
				1BD862DA251466DF00BC395C /* UIImage */,
				1BD862DE251466DF00BC395C /* UIColor */,
				1BD862E2251466DF00BC395C /* HZKitCategory.h */,
				1BD862E3251466DF00BC395C /* UIView */,
				1BD862E7251466DF00BC395C /* UIDevice */,
				1BD862EC251466DF00BC395C /* UIViewController */,
			);
			path = Category;
			sourceTree = "<group>";
		};
		1BD862DA251466DF00BC395C /* UIImage */ = {
			isa = PBXGroup;
			children = (
				1BD862DB251466DF00BC395C /* HZKitImage.h */,
				1BD862DC251466DF00BC395C /* UIImage+HZCommon.m */,
				1BD862DD251466DF00BC395C /* UIImage+HZCommon.h */,
			);
			path = UIImage;
			sourceTree = "<group>";
		};
		1BD862DE251466DF00BC395C /* UIColor */ = {
			isa = PBXGroup;
			children = (
				1BD862DF251466DF00BC395C /* UIColor+HZCommon.h */,
				1BD862E0251466DF00BC395C /* HZKitColor.h */,
				1BD862E1251466DF00BC395C /* UIColor+HZCommon.m */,
			);
			path = UIColor;
			sourceTree = "<group>";
		};
		1BD862E3251466DF00BC395C /* UIView */ = {
			isa = PBXGroup;
			children = (
				1BD862E4251466DF00BC395C /* HZKitView.h */,
				1BD862E5251466DF00BC395C /* UIView+HZKitCommon.m */,
				1BD862E6251466DF00BC395C /* UIView+HZKitCommon.h */,
			);
			path = UIView;
			sourceTree = "<group>";
		};
		1BD862E7251466DF00BC395C /* UIDevice */ = {
			isa = PBXGroup;
			children = (
				1BD862E8251466DF00BC395C /* UIDevice+HZCommon.m */,
				1BD862E9251466DF00BC395C /* HZKitDeviceModels.plist */,
				1BD862EA251466DF00BC395C /* HZKitDevice.h */,
				1BD862EB251466DF00BC395C /* UIDevice+HZCommon.h */,
			);
			path = UIDevice;
			sourceTree = "<group>";
		};
		1BD862EC251466DF00BC395C /* UIViewController */ = {
			isa = PBXGroup;
			children = (
				1BD862ED251466DF00BC395C /* UIViewController+HZCommon.h */,
				1BD862EE251466DF00BC395C /* HZKitViewController.h */,
				1BD862EF251466DF00BC395C /* UIViewController+HZCommon.m */,
			);
			path = UIViewController;
			sourceTree = "<group>";
		};
		1BD862F0251466DF00BC395C /* Scan */ = {
			isa = PBXGroup;
			children = (
				1BD862F1251466DF00BC395C /* HZScanViewController.m */,
				1BD862F2251466DF00BC395C /* HZScanViewController.h */,
			);
			path = Scan;
			sourceTree = "<group>";
		};
		1BD862F3251466DF00BC395C /* Iconfont */ = {
			isa = PBXGroup;
			children = (
				1BD862F4251466DF00BC395C /* HZKitIconfont.h */,
				1BD862F5251466DF00BC395C /* UIFont+HZIconfont.m */,
				1BD862F6251466DF00BC395C /* HZFontelloModel.m */,
				1BD862F7251466DF00BC395C /* HZIconfont+HZFontello.m */,
				1BD862F8251466DF00BC395C /* UILabel+HZIconfont.h */,
				1BD862F9251466DF00BC395C /* HZIconfont.h */,
				1BD862FA251466DF00BC395C /* UIFont+HZIconfont.h */,
				1BD862FB251466DF00BC395C /* UILabel+HZIconfont.m */,
				1BD862FC251466DF00BC395C /* HZIconfont+HZFontello.h */,
				1BD862FD251466DF00BC395C /* HZFontelloModel.h */,
				1BD862FE251466DF00BC395C /* HZIconfont.m */,
			);
			path = Iconfont;
			sourceTree = "<group>";
		};
		1BD86300251466DF00BC395C /* Version */ = {
			isa = PBXGroup;
			children = (
				1BD86301251466DF00BC395C /* HZKitVersion.h */,
				1BD86302251466DF00BC395C /* HZVersionManager.m */,
				1BD86303251466DF00BC395C /* HZVersionManager.h */,
			);
			path = Version;
			sourceTree = "<group>";
		};
		1BD86304251466DF00BC395C /* Log */ = {
			isa = PBXGroup;
			children = (
				1BD86305251466DF00BC395C /* HZLog.m */,
				1BD86306251466DF00BC395C /* HZLog.h */,
				1BD86307251466DF00BC395C /* HZKitLog.h */,
			);
			path = Log;
			sourceTree = "<group>";
		};
		1BD86308251466DF00BC395C /* Marco */ = {
			isa = PBXGroup;
			children = (
				1BD86309251466DF00BC395C /* HZKitMacro.h */,
			);
			path = Marco;
			sourceTree = "<group>";
		};
		1BD8630A251466DF00BC395C /* Authorization */ = {
			isa = PBXGroup;
			children = (
				1BD8630B251466DF00BC395C /* HZAuthorization.h */,
				1BD8630C251466DF00BC395C /* HZAuthorization.m */,
				1BD8630D251466DF00BC395C /* HZKitAuthorization.h */,
			);
			path = Authorization;
			sourceTree = "<group>";
		};
		DB3A622F251DCC0B00818D1A /* NavigationController */ = {
			isa = PBXGroup;
			children = (
				DB3A6230251DCC3700818D1A /* HZNavigationController.h */,
				DB3A6231251DCC3700818D1A /* HZNavigationController.m */,
				DB3A6236251DCCD800818D1A /* HZNavigationScreenshot.h */,
				DB3A6237251DCCD800818D1A /* HZNavigationScreenshot.m */,
				DB01D41C251DE37A0077695D /* UIViewController+PopGesture.h */,
				DB01D41D251DE37A0077695D /* UIViewController+PopGesture.m */,
			);
			path = NavigationController;
			sourceTree = "<group>";
		};
/* End PBXGroup section */

/* Begin PBXNativeTarget section */
		1BD862B22514661100BC395C /* HZKit */ = {
			isa = PBXNativeTarget;
			buildConfigurationList = 1BD862CC2514661200BC395C /* Build configuration list for PBXNativeTarget "HZKit" */;
			buildPhases = (
				1BD862AF2514661100BC395C /* Sources */,
				1BD862B02514661100BC395C /* Frameworks */,
				1BD862B12514661100BC395C /* Resources */,
			);
			buildRules = (
			);
			dependencies = (
			);
			name = HZKit;
			productName = HZKit;
			productReference = 1BD862B32514661100BC395C /* HZKit.app */;
			productType = "com.apple.product-type.application";
		};
/* End PBXNativeTarget section */

/* Begin PBXProject section */
		1BD862AB2514661100BC395C /* Project object */ = {
			isa = PBXProject;
			attributes = {
				LastUpgradeCheck = 1200;
				TargetAttributes = {
					1BD862B22514661100BC395C = {
						CreatedOnToolsVersion = 12.0;
					};
				};
			};
			buildConfigurationList = 1BD862AE2514661100BC395C /* Build configuration list for PBXProject "HZKit" */;
			compatibilityVersion = "Xcode 9.3";
			developmentRegion = en;
			hasScannedForEncodings = 0;
			knownRegions = (
				en,
				Base,
			);
			mainGroup = 1BD862AA2514661100BC395C;
			productRefGroup = 1BD862B42514661100BC395C /* Products */;
			projectDirPath = "";
			projectRoot = "";
			targets = (
				1BD862B22514661100BC395C /* HZKit */,
			);
		};
/* End PBXProject section */

/* Begin PBXResourcesBuildPhase section */
		1BD862B12514661100BC395C /* Resources */ = {
			isa = PBXResourcesBuildPhase;
			buildActionMask = 2147483647;
			files = (
				1BD862C62514661200BC395C /* LaunchScreen.storyboard in Resources */,
				1BD862C32514661200BC395C /* Assets.xcassets in Resources */,
				1BD862C12514661100BC395C /* Main.storyboard in Resources */,
				1BD86312251466DF00BC395C /* HZKitDeviceModels.plist in Resources */,
			);
			runOnlyForDeploymentPostprocessing = 0;
		};
/* End PBXResourcesBuildPhase section */

/* Begin PBXSourcesBuildPhase section */
		1BD862AF2514661100BC395C /* Sources */ = {
			isa = PBXSourcesBuildPhase;
			buildActionMask = 2147483647;
			files = (
				1BD8631A251466DF00BC395C /* HZVersionManager.m in Sources */,
				1BD8631B251466DF00BC395C /* HZLog.m in Sources */,
				DB3A6232251DCC3700818D1A /* HZNavigationController.m in Sources */,
				1BD8630F251466DF00BC395C /* UIColor+HZCommon.m in Sources */,
				1BD86314251466DF00BC395C /* HZScanViewController.m in Sources */,
				1BD8630E251466DF00BC395C /* UIImage+HZCommon.m in Sources */,
				1BD86311251466DF00BC395C /* UIDevice+HZCommon.m in Sources */,
				DB3A6238251DCCD800818D1A /* HZNavigationScreenshot.m in Sources */,
				1BD862BE2514661100BC395C /* ViewController.m in Sources */,
				1BD86310251466DF00BC395C /* UIView+HZKitCommon.m in Sources */,
				1BD86316251466DF00BC395C /* HZFontelloModel.m in Sources */,
				1BD8631C251466DF00BC395C /* HZAuthorization.m in Sources */,
				1BD86315251466DF00BC395C /* UIFont+HZIconfont.m in Sources */,
				1BD86318251466DF00BC395C /* UILabel+HZIconfont.m in Sources */,
				DB01D41E251DE37A0077695D /* UIViewController+PopGesture.m in Sources */,
				1BD86313251466DF00BC395C /* UIViewController+HZCommon.m in Sources */,
				1BD862B82514661100BC395C /* AppDelegate.m in Sources */,
				1BD86317251466DF00BC395C /* HZIconfont+HZFontello.m in Sources */,
				1BD86319251466DF00BC395C /* HZIconfont.m in Sources */,
				1BD862C92514661200BC395C /* main.m in Sources */,
				1BD862BB2514661100BC395C /* SceneDelegate.m in Sources */,
			);
			runOnlyForDeploymentPostprocessing = 0;
		};
/* End PBXSourcesBuildPhase section */

/* Begin PBXVariantGroup section */
		1BD862BF2514661100BC395C /* Main.storyboard */ = {
			isa = PBXVariantGroup;
			children = (
				1BD862C02514661100BC395C /* Base */,
			);
			name = Main.storyboard;
			sourceTree = "<group>";
		};
		1BD862C42514661200BC395C /* LaunchScreen.storyboard */ = {
			isa = PBXVariantGroup;
			children = (
				1BD862C52514661200BC395C /* Base */,
			);
			name = LaunchScreen.storyboard;
			sourceTree = "<group>";
		};
/* End PBXVariantGroup section */

/* Begin XCBuildConfiguration section */
		1BD862CA2514661200BC395C /* Debug */ = {
			isa = XCBuildConfiguration;
			buildSettings = {
				ALWAYS_SEARCH_USER_PATHS = NO;
				CLANG_ANALYZER_NONNULL = YES;
				CLANG_ANALYZER_NUMBER_OBJECT_CONVERSION = YES_AGGRESSIVE;
				CLANG_CXX_LANGUAGE_STANDARD = "gnu++14";
				CLANG_CXX_LIBRARY = "libc++";
				CLANG_ENABLE_MODULES = YES;
				CLANG_ENABLE_OBJC_ARC = YES;
				CLANG_ENABLE_OBJC_WEAK = YES;
				CLANG_WARN_BLOCK_CAPTURE_AUTORELEASING = YES;
				CLANG_WARN_BOOL_CONVERSION = YES;
				CLANG_WARN_COMMA = YES;
				CLANG_WARN_CONSTANT_CONVERSION = YES;
				CLANG_WARN_DEPRECATED_OBJC_IMPLEMENTATIONS = YES;
				CLANG_WARN_DIRECT_OBJC_ISA_USAGE = YES_ERROR;
				CLANG_WARN_DOCUMENTATION_COMMENTS = YES;
				CLANG_WARN_EMPTY_BODY = YES;
				CLANG_WARN_ENUM_CONVERSION = YES;
				CLANG_WARN_INFINITE_RECURSION = YES;
				CLANG_WARN_INT_CONVERSION = YES;
				CLANG_WARN_NON_LITERAL_NULL_CONVERSION = YES;
				CLANG_WARN_OBJC_IMPLICIT_RETAIN_SELF = YES;
				CLANG_WARN_OBJC_LITERAL_CONVERSION = YES;
				CLANG_WARN_OBJC_ROOT_CLASS = YES_ERROR;
				CLANG_WARN_QUOTED_INCLUDE_IN_FRAMEWORK_HEADER = YES;
				CLANG_WARN_RANGE_LOOP_ANALYSIS = YES;
				CLANG_WARN_STRICT_PROTOTYPES = YES;
				CLANG_WARN_SUSPICIOUS_MOVE = YES;
				CLANG_WARN_UNGUARDED_AVAILABILITY = YES_AGGRESSIVE;
				CLANG_WARN_UNREACHABLE_CODE = YES;
				CLANG_WARN__DUPLICATE_METHOD_MATCH = YES;
				COPY_PHASE_STRIP = NO;
				DEBUG_INFORMATION_FORMAT = dwarf;
				ENABLE_STRICT_OBJC_MSGSEND = YES;
				ENABLE_TESTABILITY = YES;
				GCC_C_LANGUAGE_STANDARD = gnu11;
				GCC_DYNAMIC_NO_PIC = NO;
				GCC_NO_COMMON_BLOCKS = YES;
				GCC_OPTIMIZATION_LEVEL = 0;
				GCC_PREPROCESSOR_DEFINITIONS = (
					"DEBUG=1",
					"$(inherited)",
				);
				GCC_WARN_64_TO_32_BIT_CONVERSION = YES;
				GCC_WARN_ABOUT_RETURN_TYPE = YES_ERROR;
				GCC_WARN_UNDECLARED_SELECTOR = YES;
				GCC_WARN_UNINITIALIZED_AUTOS = YES_AGGRESSIVE;
				GCC_WARN_UNUSED_FUNCTION = YES;
				GCC_WARN_UNUSED_VARIABLE = YES;
				IPHONEOS_DEPLOYMENT_TARGET = 14.0;
				MTL_ENABLE_DEBUG_INFO = INCLUDE_SOURCE;
				MTL_FAST_MATH = YES;
				ONLY_ACTIVE_ARCH = YES;
				SDKROOT = iphoneos;
			};
			name = Debug;
		};
		1BD862CB2514661200BC395C /* Release */ = {
			isa = XCBuildConfiguration;
			buildSettings = {
				ALWAYS_SEARCH_USER_PATHS = NO;
				CLANG_ANALYZER_NONNULL = YES;
				CLANG_ANALYZER_NUMBER_OBJECT_CONVERSION = YES_AGGRESSIVE;
				CLANG_CXX_LANGUAGE_STANDARD = "gnu++14";
				CLANG_CXX_LIBRARY = "libc++";
				CLANG_ENABLE_MODULES = YES;
				CLANG_ENABLE_OBJC_ARC = YES;
				CLANG_ENABLE_OBJC_WEAK = YES;
				CLANG_WARN_BLOCK_CAPTURE_AUTORELEASING = YES;
				CLANG_WARN_BOOL_CONVERSION = YES;
				CLANG_WARN_COMMA = YES;
				CLANG_WARN_CONSTANT_CONVERSION = YES;
				CLANG_WARN_DEPRECATED_OBJC_IMPLEMENTATIONS = YES;
				CLANG_WARN_DIRECT_OBJC_ISA_USAGE = YES_ERROR;
				CLANG_WARN_DOCUMENTATION_COMMENTS = YES;
				CLANG_WARN_EMPTY_BODY = YES;
				CLANG_WARN_ENUM_CONVERSION = YES;
				CLANG_WARN_INFINITE_RECURSION = YES;
				CLANG_WARN_INT_CONVERSION = YES;
				CLANG_WARN_NON_LITERAL_NULL_CONVERSION = YES;
				CLANG_WARN_OBJC_IMPLICIT_RETAIN_SELF = YES;
				CLANG_WARN_OBJC_LITERAL_CONVERSION = YES;
				CLANG_WARN_OBJC_ROOT_CLASS = YES_ERROR;
				CLANG_WARN_QUOTED_INCLUDE_IN_FRAMEWORK_HEADER = YES;
				CLANG_WARN_RANGE_LOOP_ANALYSIS = YES;
				CLANG_WARN_STRICT_PROTOTYPES = YES;
				CLANG_WARN_SUSPICIOUS_MOVE = YES;
				CLANG_WARN_UNGUARDED_AVAILABILITY = YES_AGGRESSIVE;
				CLANG_WARN_UNREACHABLE_CODE = YES;
				CLANG_WARN__DUPLICATE_METHOD_MATCH = YES;
				COPY_PHASE_STRIP = NO;
				DEBUG_INFORMATION_FORMAT = "dwarf-with-dsym";
				ENABLE_NS_ASSERTIONS = NO;
				ENABLE_STRICT_OBJC_MSGSEND = YES;
				GCC_C_LANGUAGE_STANDARD = gnu11;
				GCC_NO_COMMON_BLOCKS = YES;
				GCC_WARN_64_TO_32_BIT_CONVERSION = YES;
				GCC_WARN_ABOUT_RETURN_TYPE = YES_ERROR;
				GCC_WARN_UNDECLARED_SELECTOR = YES;
				GCC_WARN_UNINITIALIZED_AUTOS = YES_AGGRESSIVE;
				GCC_WARN_UNUSED_FUNCTION = YES;
				GCC_WARN_UNUSED_VARIABLE = YES;
				IPHONEOS_DEPLOYMENT_TARGET = 14.0;
				MTL_ENABLE_DEBUG_INFO = NO;
				MTL_FAST_MATH = YES;
				SDKROOT = iphoneos;
				VALIDATE_PRODUCT = YES;
			};
			name = Release;
		};
		1BD862CD2514661200BC395C /* Debug */ = {
			isa = XCBuildConfiguration;
			buildSettings = {
				ASSETCATALOG_COMPILER_APPICON_NAME = AppIcon;
				ASSETCATALOG_COMPILER_GLOBAL_ACCENT_COLOR_NAME = AccentColor;
				CODE_SIGN_STYLE = Automatic;
				DEVELOPMENT_TEAM = 64Z9QAXW9D;
				INFOPLIST_FILE = HZKit/Info.plist;
				LD_RUNPATH_SEARCH_PATHS = (
					"$(inherited)",
					"@executable_path/Frameworks",
				);
				PRODUCT_BUNDLE_IDENTIFIER = HertzWang.HZKit;
				PRODUCT_NAME = "$(TARGET_NAME)";
				TARGETED_DEVICE_FAMILY = "1,2";
			};
			name = Debug;
		};
		1BD862CE2514661200BC395C /* Release */ = {
			isa = XCBuildConfiguration;
			buildSettings = {
				ASSETCATALOG_COMPILER_APPICON_NAME = AppIcon;
				ASSETCATALOG_COMPILER_GLOBAL_ACCENT_COLOR_NAME = AccentColor;
				CODE_SIGN_STYLE = Automatic;
				DEVELOPMENT_TEAM = 64Z9QAXW9D;
				INFOPLIST_FILE = HZKit/Info.plist;
				LD_RUNPATH_SEARCH_PATHS = (
					"$(inherited)",
					"@executable_path/Frameworks",
				);
				PRODUCT_BUNDLE_IDENTIFIER = HertzWang.HZKit;
				PRODUCT_NAME = "$(TARGET_NAME)";
				TARGETED_DEVICE_FAMILY = "1,2";
			};
			name = Release;
		};
/* End XCBuildConfiguration section */

/* Begin XCConfigurationList section */
		1BD862AE2514661100BC395C /* Build configuration list for PBXProject "HZKit" */ = {
			isa = XCConfigurationList;
			buildConfigurations = (
				1BD862CA2514661200BC395C /* Debug */,
				1BD862CB2514661200BC395C /* Release */,
			);
			defaultConfigurationIsVisible = 0;
			defaultConfigurationName = Release;
		};
		1BD862CC2514661200BC395C /* Build configuration list for PBXNativeTarget "HZKit" */ = {
			isa = XCConfigurationList;
			buildConfigurations = (
				1BD862CD2514661200BC395C /* Debug */,
				1BD862CE2514661200BC395C /* Release */,
			);
			defaultConfigurationIsVisible = 0;
			defaultConfigurationName = Release;
		};
/* End XCConfigurationList section */
	};
	rootObject = 1BD862AB2514661100BC395C /* Project object */;
}
